
Microsoft Visual Studio Solution File, Format Version 12.00
# Visual Studio 15
VisualStudioVersion = 15.0.28307.645
MinimumVisualStudioVersion = 10.0.40219.1
Project("{FAE04EC0-301F-11D3-BF4B-00C04F79EFBC}") = "D05_BootStrap", "D05_BootStrap\D05_BootStrap.csproj", "{F99D5FFC-4029-4D5F-A03C-BC205C27BEFA}"
EndProject
Global
	GlobalSection(SolutionConfigurationPlatforms) = preSolution
		Debug|Any CPU = Debug|Any CPU
		Release|Any CPU = Release|Any CPU
	EndGlobalSection
	GlobalSection(ProjectConfigurationPlatforms) = postSolution
		{F99D5FFC-4029-4D5F-A03C-BC205C27BEFA}.Debug|Any CPU.ActiveCfg = Debug|Any CPU
		{F99D5FFC-4029-4D5F-A03C-BC205C27BEFA}.Debug|Any CPU.Build.0 = Debug|Any CPU
		{F99D5FFC-4029-4D5F-A03C-BC205C27BEFA}.Release|Any CPU.ActiveCfg = Release|Any CPU
		{F99D5FFC-4029-4D5F-A03C-BC205C27BEFA}.Release|Any CPU.Build.0 = Release|Any CPU
	EndGlobalSection
	GlobalSection(SolutionProperties) = preSolution
		HideSolutionNode = FALSE
	EndGlobalSection
	GlobalSection(ExtensibilityGlobals) = postSolution
		SolutionGuid = {6A6E9977-DD03-4F93-9F8B-2F30A7EA2808}
	EndGlobalSection
EndGlobal
