
Microsoft Visual Studio Solution File, Format Version 12.00
# Visual Studio 15
VisualStudioVersion = 15.0.28307.645
MinimumVisualStudioVersion = 10.0.40219.1
Project("{FAE04EC0-301F-11D3-BF4B-00C04F79EFBC}") = "D06_MVCBasic", "D06_MVCBasic\D06_MVCBasic.csproj", "{FCE7FA49-E5CA-40E9-89CE-13C30E1753D9}"
EndProject
Global
	GlobalSection(SolutionConfigurationPlatforms) = preSolution
		Debug|Any CPU = Debug|Any CPU
		Release|Any CPU = Release|Any CPU
	EndGlobalSection
	GlobalSection(ProjectConfigurationPlatforms) = postSolution
		{FCE7FA49-E5CA-40E9-89CE-13C30E1753D9}.Debug|Any CPU.ActiveCfg = Debug|Any CPU
		{FCE7FA49-E5CA-40E9-89CE-13C30E1753D9}.Debug|Any CPU.Build.0 = Debug|Any CPU
		{FCE7FA49-E5CA-40E9-89CE-13C30E1753D9}.Release|Any CPU.ActiveCfg = Release|Any CPU
		{FCE7FA49-E5CA-40E9-89CE-13C30E1753D9}.Release|Any CPU.Build.0 = Release|Any CPU
	EndGlobalSection
	GlobalSection(SolutionProperties) = preSolution
		HideSolutionNode = FALSE
	EndGlobalSection
	GlobalSection(ExtensibilityGlobals) = postSolution
		SolutionGuid = {BE21BCD5-1392-48C1-ACF8-2D344DD5D66E}
	EndGlobalSection
EndGlobal
